
Microsoft Visual Studio Solution File, Format Version 12.00
# Visual Studio Version 17
VisualStudioVersion = 17.5.33530.505
MinimumVisualStudioVersion = 10.0.40219.1
Project("{FAE04EC0-301F-11D3-BF4B-00C04F79EFBC}") = "HelloWorld", "HelloWorld\HelloWorld.csproj", "{A33A9266-9FD9-4BDD-82FF-9FBEB9C01272}"
EndProject
Global
	GlobalSection(SolutionConfigurationPlatforms) = preSolution
		Debug|Any CPU = Debug|Any CPU
		Release|Any CPU = Release|Any CPU
	EndGlobalSection
	GlobalSection(ProjectConfigurationPlatforms) = postSolution
		{A33A9266-9FD9-4BDD-82FF-9FBEB9C01272}.Debug|Any CPU.ActiveCfg = Debug|Any CPU
		{A33A9266-9FD9-4BDD-82FF-9FBEB9C01272}.Debug|Any CPU.Build.0 = Debug|Any CPU
		{A33A9266-9FD9-4BDD-82FF-9FBEB9C01272}.Release|Any CPU.ActiveCfg = Release|Any CPU
		{A33A9266-9FD9-4BDD-82FF-9FBEB9C01272}.Release|Any CPU.Build.0 = Release|Any CPU
	EndGlobalSection
	GlobalSection(SolutionProperties) = preSolution
		HideSolutionNode = FALSE
	EndGlobalSection
	GlobalSection(ExtensibilityGlobals) = postSolution
		SolutionGuid = {19CC8BE3-3EA3-48AF-BE08-C3876BF3E640}
	EndGlobalSection
EndGlobal
